
Microsoft Visual Studio Solution File, Format Version 12.00
# Visual Studio 15
VisualStudioVersion = 15.0.28010.2026
MinimumVisualStudioVersion = 10.0.40219.1
Project("{FAE04EC0-301F-11D3-BF4B-00C04F79EFBC}") = "QaProgrammingCourse", "QaProgrammingCourse\QaProgrammingCourse.csproj", "{0A254372-052E-4669-9536-625C86312503}"
EndProject
Global
	GlobalSection(SolutionConfigurationPlatforms) = preSolution
		Debug|Any CPU = Debug|Any CPU
		Release|Any CPU = Release|Any CPU
	EndGlobalSection
	GlobalSection(ProjectConfigurationPlatforms) = postSolution
		{0A254372-052E-4669-9536-625C86312503}.Debug|Any CPU.ActiveCfg = Debug|Any CPU
		{0A254372-052E-4669-9536-625C86312503}.Debug|Any CPU.Build.0 = Debug|Any CPU
		{0A254372-052E-4669-9536-625C86312503}.Release|Any CPU.ActiveCfg = Release|Any CPU
		{0A254372-052E-4669-9536-625C86312503}.Release|Any CPU.Build.0 = Release|Any CPU
	EndGlobalSection
	GlobalSection(SolutionProperties) = preSolution
		HideSolutionNode = FALSE
	EndGlobalSection
	GlobalSection(ExtensibilityGlobals) = postSolution
		SolutionGuid = {425EB1AB-980A-4C88-BFD3-B3614049B394}
	EndGlobalSection
EndGlobal
